GEM
  remote: https://rubygems.org/
  specs:
    bigdecimal (4.1.3)
    google-protobuf (4.36.2)
      bigdecimal
      rake (~> 13.3)
    google-protobuf (4.36.2-aarch64-linux-gnu)
      bigdecimal
      rake (~> 13.3)
    google-protobuf (4.36.2-aarch64-linux-musl)
      bigdecimal
      rake (~> 13.3)
    google-protobuf (4.36.2-arm64-darwin)
      bigdecimal
      rake (~> 13.3)
    google-protobuf (4.36.2-x86-linux-gnu)
      bigdecimal
      rake (~> 13.3)
    google-protobuf (4.36.2-x86-linux-musl)
      bigdecimal
      rake (~> 13.3)
    google-protobuf (4.36.2-x86_64-darwin)
      bigdecimal
      rake (~> 13.3)
    google-protobuf (4.36.2-x86_64-linux-gnu)
      bigdecimal
      rake (~> 13.3)
    google-protobuf (4.36.2-x86_64-linux-musl)
      bigdecimal
      rake (~> 13.3)
    googleapis-common-protos-types (1.23.0)
      google-protobuf (~> 4.26)
    logger (1.7.0)
    opentelemetry-api (1.11.1)
      logger
    opentelemetry-common (0.25.1)
      opentelemetry-api (~> 1.0)
    opentelemetry-exporter-otlp (0.36.0)
      google-protobuf (>= 3.18)
      googleapis-common-protos-types (~> 1.3)
      opentelemetry-api (~> 1.1)
      opentelemetry-common (~> 0.20)
      opentelemetry-exporter-otlp-common
      opentelemetry-sdk (~> 1.10)
      opentelemetry-semantic_conventions
    opentelemetry-exporter-otlp-common (0.2.0)
      google-protobuf (>= 3.18)
      googleapis-common-protos-types (~> 1.3)
      opentelemetry-api (~> 1.1)
    opentelemetry-registry (0.6.3)
      opentelemetry-api (~> 1.1)
    opentelemetry-sdk (1.13.1)
      logger
      opentelemetry-api (~> 1.1)
      opentelemetry-common (~> 0.20)
      opentelemetry-registry (~> 0.2)
      opentelemetry-semantic_conventions
    opentelemetry-semantic_conventions (1.44.0)
      opentelemetry-api (~> 1.0)
    rake (13.4.2)

PLATFORMS
  aarch64-linux-gnu
  aarch64-linux-musl
  arm64-darwin
  ruby
  x86-linux-gnu
  x86-linux-musl
  x86_64-darwin
  x86_64-linux-gnu
  x86_64-linux-musl

DEPENDENCIES
  opentelemetry-exporter-otlp (~> 0.29)
  opentelemetry-sdk (~> 1.6)

CHECKSUMS
  bigdecimal (4.1.3) sha256=61ebe1e5e559bdc3cc6f2c0ee7f427321fc838f59611c294356eb04d6e21cf66
  google-protobuf (4.36.2) sha256=2f8daff50ae14aad36ab0ccdcf284065fa71d726c444efe114e6db82ffe62494
  google-protobuf (4.36.2-aarch64-linux-gnu) sha256=c3279ec6eaa59f6ed6276eda2a33cffb4306471183ab79a332e698b8564f5169
  google-protobuf (4.36.2-aarch64-linux-musl) sha256=0772c9dde1e6dce9a6b44d1d35c28c29adee99d9bd6aff5e21840daeb22161ce
  google-protobuf (4.36.2-arm64-darwin) sha256=f70d810e6bbab9d8ad9c1d5fd685a21de4c10ad3ad32efb9455e17e5b1286917
  google-protobuf (4.36.2-x86-linux-gnu) sha256=ffcd06d49bffca24afff18c900dd61a51ea3028d43c47d0d9621d00bf38a5866
  google-protobuf (4.36.2-x86-linux-musl) sha256=e1afec03babd73c9117cc09d5fc2a98dfef37a414bfd8a4d0ceaac7bd66fc028
  google-protobuf (4.36.2-x86_64-darwin) sha256=8d1bd2a344f7f589703b202ad2ee4cca8ef731b4ced45782ef92d385967384ba
  google-protobuf (4.36.2-x86_64-linux-gnu) sha256=d25a820873e423f1d209ae8c672a4a28b019e2429debd0901d26670a0b4e14db
  google-protobuf (4.36.2-x86_64-linux-musl) sha256=0fa17686c896da96a60a705e56ddc7d4ff56413f52787c655bd4c9fb33ffe14f
  googleapis-common-protos-types (1.23.0) sha256=992e740a523794d9fc5f29a504465d8fc737aaa16c930fe7228e3346860faf0a
  logger (1.7.0) sha256=196edec7cc44b66cfb40f9755ce11b392f21f7967696af15d274dde7edff0203
  opentelemetry-api (1.11.1) sha256=d07f9987ea6240b3fd5ed5dd7450f93c58e403e0553e804069c23ae18ba61ff7
  opentelemetry-common (0.25.1) sha256=38fe87c751e4e13fcd47a8290b4ad67bbedf76c4ed89aeced5ea5c620e66bfb1
  opentelemetry-exporter-otlp (0.36.0) sha256=6d3d61244a5f14d29cd13f9229f2394f509f3ceaa30a9f3d60f9c556291f6448
  opentelemetry-exporter-otlp-common (0.2.0) sha256=969cd9429865f565dc791a0606f97433c1ed14d691c8e3de78722e64903c2b38
  opentelemetry-registry (0.6.3) sha256=568fa8eaea94394f29f4fce3f0339ab10c3bf6d6c8beed6b3cfee6fd37fcc608
  opentelemetry-sdk (1.13.1) sha256=91c9cc315ac7ef30243549eeff8b27cd0d39bd02bdf9c9ae481ab96a1cec6754
  opentelemetry-semantic_conventions (1.44.0) sha256=b09b8793422f13b01c08f7a6f29b5f511f47f37bcdb57c0513465a0464168513
  rake (13.4.2) sha256=cb825b2bd5f1f8e91ca37bddb4b9aaf345551b4731da62949be002fa89283701

BUNDLED WITH
  4.0.20
